
Microsoft Visual Studio Solution File, Format Version 12.00
# Visual Studio Version 16
VisualStudioVersion = 16.0.33801.447
MinimumVisualStudioVersion = 10.0.40219.1
Project("{FAE04EC0-301F-11D3-BF4B-00C04F79EFBC}") = "xadrez-console", "xadrez-console\xadrez-console.csproj", "{7C0BB1D6-43DD-4C5A-BB89-9E48504D8BB6}"
EndProject
Global
	GlobalSection(SolutionConfigurationPlatforms) = preSolution
		Debug|Any CPU = Debug|Any CPU
		Release|Any CPU = Release|Any CPU
	EndGlobalSection
	GlobalSection(ProjectConfigurationPlatforms) = postSolution
		{7C0BB1D6-43DD-4C5A-BB89-9E48504D8BB6}.Debug|Any CPU.ActiveCfg = Debug|Any CPU
		{7C0BB1D6-43DD-4C5A-BB89-9E48504D8BB6}.Debug|Any CPU.Build.0 = Debug|Any CPU
		{7C0BB1D6-43DD-4C5A-BB89-9E48504D8BB6}.Release|Any CPU.ActiveCfg = Release|Any CPU
		{7C0BB1D6-43DD-4C5A-BB89-9E48504D8BB6}.Release|Any CPU.Build.0 = Release|Any CPU
	EndGlobalSection
	GlobalSection(SolutionProperties) = preSolution
		HideSolutionNode = FALSE
	EndGlobalSection
	GlobalSection(ExtensibilityGlobals) = postSolution
		SolutionGuid = {47DB4F70-4010-45F9-B746-8547B5DB53A0}
	EndGlobalSection
EndGlobal
